
Microsoft Visual Studio Solution File, Format Version 12.00
# Visual Studio Version 17
VisualStudioVersion = 17.5.002.0
MinimumVisualStudioVersion = 10.0.40219.1
Project("{9A19103F-16F7-4668-BE54-9A1E7A4F7556}") = "KodOvningIG", "KodOvningIG.csproj", "{BFC12119-F185-4A97-A908-881DAD619463}"
EndProject
Global
	GlobalSection(SolutionConfigurationPlatforms) = preSolution
		Debug|Any CPU = Debug|Any CPU
		Release|Any CPU = Release|Any CPU
	EndGlobalSection
	GlobalSection(ProjectConfigurationPlatforms) = postSolution
		{BFC12119-F185-4A97-A908-881DAD619463}.Debug|Any CPU.ActiveCfg = Debug|Any CPU
		{BFC12119-F185-4A97-A908-881DAD619463}.Debug|Any CPU.Build.0 = Debug|Any CPU
		{BFC12119-F185-4A97-A908-881DAD619463}.Release|Any CPU.ActiveCfg = Release|Any CPU
		{BFC12119-F185-4A97-A908-881DAD619463}.Release|Any CPU.Build.0 = Release|Any CPU
	EndGlobalSection
	GlobalSection(SolutionProperties) = preSolution
		HideSolutionNode = FALSE
	EndGlobalSection
	GlobalSection(ExtensibilityGlobals) = postSolution
		SolutionGuid = {F3DCD271-6802-4461-A125-D050CEA32D44}
	EndGlobalSection
EndGlobal
